
Microsoft Visual Studio Solution File, Format Version 12.00
# Visual Studio Version 17
VisualStudioVersion = 17.4.33213.308
MinimumVisualStudioVersion = 10.0.40219.1
Project("{FAE04EC0-301F-11D3-BF4B-00C04F79EFBC}") = "RiversideFishhut.API", "RiversideFishhut.API\RiversideFishhut.API.csproj", "{D86E9B1C-B1A5-4DCF-A801-4CEF754AEB0B}"
EndProject
Global
	GlobalSection(SolutionConfigurationPlatforms) = preSolution
		Debug|Any CPU = Debug|Any CPU
		Release|Any CPU = Release|Any CPU
	EndGlobalSection
	GlobalSection(ProjectConfigurationPlatforms) = postSolution
		{D86E9B1C-B1A5-4DCF-A801-4CEF754AEB0B}.Debug|Any CPU.ActiveCfg = Debug|Any CPU
		{D86E9B1C-B1A5-4DCF-A801-4CEF754AEB0B}.Debug|Any CPU.Build.0 = Debug|Any CPU
		{D86E9B1C-B1A5-4DCF-A801-4CEF754AEB0B}.Release|Any CPU.ActiveCfg = Release|Any CPU
		{D86E9B1C-B1A5-4DCF-A801-4CEF754AEB0B}.Release|Any CPU.Build.0 = Release|Any CPU
	EndGlobalSection
	GlobalSection(SolutionProperties) = preSolution
		HideSolutionNode = FALSE
	EndGlobalSection
	GlobalSection(ExtensibilityGlobals) = postSolution
		SolutionGuid = {C8FF2BA1-0719-4231-8570-F098CB284B96}
	EndGlobalSection
EndGlobal
